
Microsoft Visual Studio Solution File, Format Version 12.00
# Visual Studio Version 16
VisualStudioVersion = 16.0.32602.291
MinimumVisualStudioVersion = 10.0.40219.1
Project("{8BC9CEB8-8B4A-11D0-8D11-00A0C91BC942}") = "Code_316_Sub", "Code_316_Sub.vcxproj", "{788FD3FE-FE0A-48AB-84F3-E6A3E321AEAF}"
EndProject
Global
	GlobalSection(SolutionConfigurationPlatforms) = preSolution
		Debug|x64 = Debug|x64
		Debug|x86 = Debug|x86
		Release|x64 = Release|x64
		Release|x86 = Release|x86
	EndGlobalSection
	GlobalSection(ProjectConfigurationPlatforms) = postSolution
		{788FD3FE-FE0A-48AB-84F3-E6A3E321AEAF}.Debug|x64.ActiveCfg = Debug|x64
		{788FD3FE-FE0A-48AB-84F3-E6A3E321AEAF}.Debug|x64.Build.0 = Debug|x64
		{788FD3FE-FE0A-48AB-84F3-E6A3E321AEAF}.Debug|x86.ActiveCfg = Debug|Win32
		{788FD3FE-FE0A-48AB-84F3-E6A3E321AEAF}.Debug|x86.Build.0 = Debug|Win32
		{788FD3FE-FE0A-48AB-84F3-E6A3E321AEAF}.Release|x64.ActiveCfg = Release|x64
		{788FD3FE-FE0A-48AB-84F3-E6A3E321AEAF}.Release|x64.Build.0 = Release|x64
		{788FD3FE-FE0A-48AB-84F3-E6A3E321AEAF}.Release|x86.ActiveCfg = Release|Win32
		{788FD3FE-FE0A-48AB-84F3-E6A3E321AEAF}.Release|x86.Build.0 = Release|Win32
	EndGlobalSection
	GlobalSection(SolutionProperties) = preSolution
		HideSolutionNode = FALSE
	EndGlobalSection
	GlobalSection(ExtensibilityGlobals) = postSolution
		SolutionGuid = {5FFDBFCF-F5AB-4ABF-B70A-371B6F313D33}
	EndGlobalSection
EndGlobal
